<?xml version="1.0" encoding="UTF-8" standalone="yes" ?>
<CodeBlocks_project_file>
	<FileVersion major="1" minor="6" />
	<Project>
		<Option title="CroTron" />
		<Option pch_mode="2" />
		<Option compiler="gcc" />
		<Build>
			<Target title="Debug - Linux">
				<Option output="bin/Debug/CroTron" prefix_auto="1" extension_auto="1" />
				<Option object_output="obj/Debug/" />
				<Option type="1" />
				<Option compiler="gcc" />
				<Compiler>
					<Add option="-Wextra" />
					<Add option="-g" />
					<Add directory="lib/linux/SFML-2.3.1/include" />
				</Compiler>
				<Linker>
					<Add option="-lsfml-graphics" />
					<Add option="-lsfml-window" />
					<Add option="-lsfml-system" />
					<Add directory="lib/linux/SFML-2.3.1/lib" />
				</Linker>
			</Target>
			<Target title="Debug - Windows">
				<Option output="bin/Debug/CroTron" prefix_auto="1" extension_auto="1" />
				<Option object_output="obj/Debug/" />
				<Option type="1" />
				<Option compiler="gcc" />
				<Compiler>
					<Add option="-Wextra" />
					<Add option="-g" />
					<Add option="-DSFML_STATIC" />
					<Add directory="lib/windows/SFML-2.3.1/include" />
				</Compiler>
				<Linker>
					<Add option="-lsfml-graphics-s-d" />
					<Add option="-lsfml-window-s-d" />
					<Add option="-lsfml-system-s-d" />
					<Add library="opengl32" />
					<Add library="winmm" />
					<Add library="gdi32" />
					<Add library="openal32" />
					<Add library="ws2_32" />
					<Add library="jpeg" />
					<Add directory="lib/windows/SFML-2.3.1/lib" />
				</Linker>
			</Target>
			<Target title="Release">
				<Option output="bin/Release/CroTron" prefix_auto="1" extension_auto="1" />
				<Option object_output="obj/Release/" />
				<Option type="1" />
				<Option compiler="gcc" />
				<Compiler>
					<Add option="-O2" />
				</Compiler>
				<Linker>
					<Add option="-s" />
				</Linker>
			</Target>
		</Build>
		<Compiler>
			<Add option="-std=c++11" />
			<Add option="-Wall" />
			<Add directory="include" />
		</Compiler>
		<Unit filename="include/assets/texture.h" />
		<Unit filename="include/config.h" />
		<Unit filename="include/core/app.h" />
		<Unit filename="include/core/state_manager.h" />
		<Unit filename="include/core/window_manager.h" />
		<Unit filename="include/game/game.h" />
		<Unit filename="include/interface/widget.h" />
		<Unit filename="include/states/game_state.h" />
		<Unit filename="include/states/state_interface.h" />
		<Unit filename="src/assets/texture.cc" />
		<Unit filename="src/core/app.cc" />
		<Unit filename="src/core/state_manager.cc" />
		<Unit filename="src/core/window_manager.cc" />
		<Unit filename="src/game/game.cc" />
		<Unit filename="src/interface/widget.cc" />
		<Unit filename="src/main.cc" />
		<Unit filename="src/states/game_state.cc" />
		<Extensions>
			<code_completion />
			<debugger />
			<envvars />
		</Extensions>
	</Project>
</CodeBlocks_project_file>
