<?xml version="1.0" encoding="UTF-8" standalone="yes" ?>
<CodeBlocks_project_file>
	<FileVersion major="1" minor="6" />
	<Project>
		<Option title="CroTron" />
		<Option pch_mode="2" />
		<Option compiler="gcc" />
		<Build>
			<Target title="Debug">
				<Option output="bin/Debug/CroTron" prefix_auto="1" extension_auto="1" />
				<Option object_output="obj/Debug/" />
				<Option type="1" />
				<Option compiler="gcc" />
				<Compiler>
					<Add option="-g" />
				</Compiler>
			</Target>
			<Target title="Release">
				<Option output="bin/Release/CroTron" prefix_auto="1" extension_auto="1" />
				<Option object_output="obj/Release/" />
				<Option type="1" />
				<Option compiler="gcc" />
				<Compiler>
					<Add option="-O2" />
				</Compiler>
				<Linker>
					<Add option="-s" />
				</Linker>
			</Target>
		</Build>
		<Compiler>
			<Add option="-std=c++11" />
			<Add option="-Wall" />
			<Add directory="lib/SFML-2.3.1/include" />
			<Add directory="include" />
		</Compiler>
		<Linker>
			<Add option="-lsfml-graphics" />
			<Add option="-lsfml-window" />
			<Add option="-lsfml-system" />
			<Add directory="lib/SFML-2.3.1/lib" />
		</Linker>
		<Unit filename="include/assets/texture.h" />
		<Unit filename="include/config.h" />
		<Unit filename="include/core/app.h" />
		<Unit filename="include/core/state_manager.h" />
		<Unit filename="include/core/window_manager.h" />
		<Unit filename="src/assets/texture.cc" />
		<Unit filename="src/core/app.cc" />
		<Unit filename="src/core/state_manager.cc" />
		<Unit filename="src/core/window_manager.cc" />
		<Unit filename="src/main.cc" />
		<Extensions>
			<code_completion />
			<debugger />
			<envvars />
		</Extensions>
	</Project>
</CodeBlocks_project_file>
